<?xml version="1.0" encoding="utf-8"?>
<Project ToolsVersion="4.0" xmlns="http://schemas.microsoft.com/developer/msbuild/2003">
  <ItemGroup>
    <ClCompile Include="Helpers\src\Core.c">
      <Filter>helpers\src</Filter>
    </ClCompile>
    <ClCompile Include="Helpers\src\Opcodes.c">
      <Filter>helpers\src</Filter>
    </ClCompile>
    <ClCompile Include="Helpers\src\Files.c">
      <Filter>helpers\src</Filter>
    </ClCompile>
    <ClCompile Include="MulticoreProcessor.c" />
    <ClCompile Include="Helpers\src\Helpers.c">
      <Filter>helpers\src</Filter>
    </ClCompile>
  </ItemGroup>
  <ItemGroup>
    <Filter Include="helpers">
      <UniqueIdentifier>{8969cf36-90df-4946-88ac-057916856816}</UniqueIdentifier>
    </Filter>
    <Filter Include="helpers\include">
      <UniqueIdentifier>{a7ca7862-37b1-4ee0-ac26-d879762a4c21}</UniqueIdentifier>
    </Filter>
    <Filter Include="helpers\src">
      <UniqueIdentifier>{69f5dd89-575a-466a-83a7-eab8e06358ce}</UniqueIdentifier>
    </Filter>
  </ItemGroup>
  <ItemGroup>
    <ClInclude Include="Helpers\include\Core.h">
      <Filter>helpers\include</Filter>
    </ClInclude>
    <ClInclude Include="Helpers\include\Opcodes.h">
      <Filter>helpers\include</Filter>
    </ClInclude>
    <ClInclude Include="Helpers\include\Files.h">
      <Filter>helpers\include</Filter>
    </ClInclude>
    <ClInclude Include="Helpers\include\Helpers.h">
      <Filter>helpers\include</Filter>
    </ClInclude>
  </ItemGroup>
</Project>